
Microsoft Visual Studio Solution File, Format Version 12.00
# Visual Studio 2013
Project("{FAE04EC0-301F-11D3-BF4B-00C04F79EFBC}") = "UnityVS.2564_Code_140221_updated.CSharp", "UnityVS.2564_Code_140221_updated.CSharp.csproj", "{58CDD4BD-8EBF-5D7E-106A-823ED8E9F93E}"
EndProject
Project("{FAE04EC0-301F-11D3-BF4B-00C04F79EFBC}") = "UnityVS.2564_Code_140221_updated.CSharp.Editor", "UnityVS.2564_Code_140221_updated.CSharp.Editor.csproj", "{3B287BB0-BE59-C4EB-3681-3DB7714D528C}"
EndProject
Global
	GlobalSection(SolutionConfigurationPlatforms) = preSolution
		Debug|Any CPU = Debug|Any CPU
		Release|Any CPU = Release|Any CPU
	EndGlobalSection
	GlobalSection(ProjectConfigurationPlatforms) = postSolution
		{58CDD4BD-8EBF-5D7E-106A-823ED8E9F93E}.Debug|Any CPU.ActiveCfg = Debug|Any CPU
		{58CDD4BD-8EBF-5D7E-106A-823ED8E9F93E}.Debug|Any CPU.Build.0 = Debug|Any CPU
		{58CDD4BD-8EBF-5D7E-106A-823ED8E9F93E}.Release|Any CPU.ActiveCfg = Release|Any CPU
		{58CDD4BD-8EBF-5D7E-106A-823ED8E9F93E}.Release|Any CPU.Build.0 = Release|Any CPU
		{3B287BB0-BE59-C4EB-3681-3DB7714D528C}.Debug|Any CPU.ActiveCfg = Debug|Any CPU
		{3B287BB0-BE59-C4EB-3681-3DB7714D528C}.Debug|Any CPU.Build.0 = Debug|Any CPU
		{3B287BB0-BE59-C4EB-3681-3DB7714D528C}.Release|Any CPU.ActiveCfg = Release|Any CPU
		{3B287BB0-BE59-C4EB-3681-3DB7714D528C}.Release|Any CPU.Build.0 = Release|Any CPU
	EndGlobalSection
	GlobalSection(SolutionProperties) = preSolution
		HideSolutionNode = FALSE
	EndGlobalSection
EndGlobal
